
Microsoft Visual Studio Solution File, Format Version 12.00
# Visual Studio Version 17
VisualStudioVersion = 17.9.34701.34
MinimumVisualStudioVersion = 10.0.40219.1
Project("{FAE04EC0-301F-11D3-BF4B-00C04F79EFBC}") = "Q1", "Q1\Q1.csproj", "{BDC13DE6-83D1-41E1-8668-7F8D3A0E10BB}"
EndProject
Project("{FAE04EC0-301F-11D3-BF4B-00C04F79EFBC}") = "Q2", "..\Q2\Q2.csproj", "{6C0434FC-7CCE-4D3F-BB25-882C933A6785}"
EndProject
Project("{FAE04EC0-301F-11D3-BF4B-00C04F79EFBC}") = "Q3", "..\Q3\Q3.csproj", "{ED174818-FD05-49F9-98BA-0287F6420BF2}"
EndProject
Project("{FAE04EC0-301F-11D3-BF4B-00C04F79EFBC}") = "Q4", "..\Q4\Q4.csproj", "{A73192E1-7562-4B7C-8B2B-3496DC65C07C}"
EndProject
Project("{FAE04EC0-301F-11D3-BF4B-00C04F79EFBC}") = "Q5", "..\Q5\Q5.csproj", "{D12676BE-3425-4865-9952-9EE9553302B6}"
EndProject
Global
	GlobalSection(SolutionConfigurationPlatforms) = preSolution
		Debug|Any CPU = Debug|Any CPU
		Release|Any CPU = Release|Any CPU
	EndGlobalSection
	GlobalSection(ProjectConfigurationPlatforms) = postSolution
		{BDC13DE6-83D1-41E1-8668-7F8D3A0E10BB}.Debug|Any CPU.ActiveCfg = Debug|Any CPU
		{BDC13DE6-83D1-41E1-8668-7F8D3A0E10BB}.Debug|Any CPU.Build.0 = Debug|Any CPU
		{BDC13DE6-83D1-41E1-8668-7F8D3A0E10BB}.Release|Any CPU.ActiveCfg = Release|Any CPU
		{BDC13DE6-83D1-41E1-8668-7F8D3A0E10BB}.Release|Any CPU.Build.0 = Release|Any CPU
		{6C0434FC-7CCE-4D3F-BB25-882C933A6785}.Debug|Any CPU.ActiveCfg = Debug|Any CPU
		{6C0434FC-7CCE-4D3F-BB25-882C933A6785}.Debug|Any CPU.Build.0 = Debug|Any CPU
		{6C0434FC-7CCE-4D3F-BB25-882C933A6785}.Release|Any CPU.ActiveCfg = Release|Any CPU
		{6C0434FC-7CCE-4D3F-BB25-882C933A6785}.Release|Any CPU.Build.0 = Release|Any CPU
		{ED174818-FD05-49F9-98BA-0287F6420BF2}.Debug|Any CPU.ActiveCfg = Debug|Any CPU
		{ED174818-FD05-49F9-98BA-0287F6420BF2}.Debug|Any CPU.Build.0 = Debug|Any CPU
		{ED174818-FD05-49F9-98BA-0287F6420BF2}.Release|Any CPU.ActiveCfg = Release|Any CPU
		{ED174818-FD05-49F9-98BA-0287F6420BF2}.Release|Any CPU.Build.0 = Release|Any CPU
		{A73192E1-7562-4B7C-8B2B-3496DC65C07C}.Debug|Any CPU.ActiveCfg = Debug|Any CPU
		{A73192E1-7562-4B7C-8B2B-3496DC65C07C}.Debug|Any CPU.Build.0 = Debug|Any CPU
		{A73192E1-7562-4B7C-8B2B-3496DC65C07C}.Release|Any CPU.ActiveCfg = Release|Any CPU
		{A73192E1-7562-4B7C-8B2B-3496DC65C07C}.Release|Any CPU.Build.0 = Release|Any CPU
		{D12676BE-3425-4865-9952-9EE9553302B6}.Debug|Any CPU.ActiveCfg = Debug|Any CPU
		{D12676BE-3425-4865-9952-9EE9553302B6}.Debug|Any CPU.Build.0 = Debug|Any CPU
		{D12676BE-3425-4865-9952-9EE9553302B6}.Release|Any CPU.ActiveCfg = Release|Any CPU
		{D12676BE-3425-4865-9952-9EE9553302B6}.Release|Any CPU.Build.0 = Release|Any CPU
	EndGlobalSection
	GlobalSection(SolutionProperties) = preSolution
		HideSolutionNode = FALSE
	EndGlobalSection
	GlobalSection(ExtensibilityGlobals) = postSolution
		SolutionGuid = {2985704E-9BD8-4B3E-AD62-6D4A5F5D194D}
	EndGlobalSection
EndGlobal
